
Microsoft Visual Studio Solution File, Format Version 12.00
# Visual Studio 2012
Project("{FAE04EC0-301F-11D3-BF4B-00C04F79EFBC}") = "GitHubDashboard", "GitHubDashboard.csproj", "{C5DC0BB1-194C-4B54-A2DF-591F421DA115}"
EndProject
Global
	GlobalSection(SolutionConfigurationPlatforms) = preSolution
		Debug|Any CPU = Debug|Any CPU
		Release|Any CPU = Release|Any CPU
	EndGlobalSection
	GlobalSection(ProjectConfigurationPlatforms) = postSolution
		{C5DC0BB1-194C-4B54-A2DF-591F421DA115}.Debug|Any CPU.ActiveCfg = Debug|Any CPU
		{C5DC0BB1-194C-4B54-A2DF-591F421DA115}.Debug|Any CPU.Build.0 = Debug|Any CPU
		{C5DC0BB1-194C-4B54-A2DF-591F421DA115}.Release|Any CPU.ActiveCfg = Release|Any CPU
		{C5DC0BB1-194C-4B54-A2DF-591F421DA115}.Release|Any CPU.Build.0 = Release|Any CPU
	EndGlobalSection
	GlobalSection(SolutionProperties) = preSolution
		HideSolutionNode = FALSE
	EndGlobalSection
EndGlobal
